
Microsoft Visual Studio Solution File, Format Version 12.00
# Visual Studio Version 16
VisualStudioVersion = 16.0.30413.136
MinimumVisualStudioVersion = 10.0.40219.1
Project("{8BC9CEB8-8B4A-11D0-8D11-00A0C91BC942}") = "ZeroEngine", "ZeroEngine.vcxproj", "{6C34F60A-425A-4179-805F-3DFFFF790CBC}"
EndProject
Project("{8BC9CEB8-8B4A-11D0-8D11-00A0C91BC942}") = "ZedTest", "..\ZedTest\ZedTest.vcxproj", "{905A6D73-1D41-45C9-AE45-606C95D5F59C}"
EndProject
Global
	GlobalSection(SolutionConfigurationPlatforms) = preSolution
		Debug|x64 = Debug|x64
		Debug|x86 = Debug|x86
		Release|x64 = Release|x64
		Release|x86 = Release|x86
	EndGlobalSection
	GlobalSection(ProjectConfigurationPlatforms) = postSolution
		{6C34F60A-425A-4179-805F-3DFFFF790CBC}.Debug|x64.ActiveCfg = Debug|x64
		{6C34F60A-425A-4179-805F-3DFFFF790CBC}.Debug|x64.Build.0 = Debug|x64
		{6C34F60A-425A-4179-805F-3DFFFF790CBC}.Debug|x86.ActiveCfg = Debug|Win32
		{6C34F60A-425A-4179-805F-3DFFFF790CBC}.Debug|x86.Build.0 = Debug|Win32
		{6C34F60A-425A-4179-805F-3DFFFF790CBC}.Release|x64.ActiveCfg = Release|x64
		{6C34F60A-425A-4179-805F-3DFFFF790CBC}.Release|x64.Build.0 = Release|x64
		{6C34F60A-425A-4179-805F-3DFFFF790CBC}.Release|x86.ActiveCfg = Release|Win32
		{6C34F60A-425A-4179-805F-3DFFFF790CBC}.Release|x86.Build.0 = Release|Win32
		{905A6D73-1D41-45C9-AE45-606C95D5F59C}.Debug|x64.ActiveCfg = Debug|x64
		{905A6D73-1D41-45C9-AE45-606C95D5F59C}.Debug|x64.Build.0 = Debug|x64
		{905A6D73-1D41-45C9-AE45-606C95D5F59C}.Debug|x86.ActiveCfg = Debug|Win32
		{905A6D73-1D41-45C9-AE45-606C95D5F59C}.Debug|x86.Build.0 = Debug|Win32
		{905A6D73-1D41-45C9-AE45-606C95D5F59C}.Release|x64.ActiveCfg = Release|x64
		{905A6D73-1D41-45C9-AE45-606C95D5F59C}.Release|x64.Build.0 = Release|x64
		{905A6D73-1D41-45C9-AE45-606C95D5F59C}.Release|x86.ActiveCfg = Release|Win32
		{905A6D73-1D41-45C9-AE45-606C95D5F59C}.Release|x86.Build.0 = Release|Win32
	EndGlobalSection
	GlobalSection(SolutionProperties) = preSolution
		HideSolutionNode = FALSE
	EndGlobalSection
	GlobalSection(ExtensibilityGlobals) = postSolution
		SolutionGuid = {D1E53F27-1E72-4DF8-9DE6-E8A90F881094}
	EndGlobalSection
EndGlobal
